
Microsoft Visual Studio Solution File, Format Version 12.00
# Visual Studio 15
VisualStudioVersion = 15.0.27130.2003
MinimumVisualStudioVersion = 10.0.40219.1
Project("{FAE04EC0-301F-11D3-BF4B-00C04F79EFBC}") = "CronjobBase", "CronjobBase.csproj", "{E945156C-49BB-487C-BDA9-C6C529302623}"
EndProject
Global
	GlobalSection(SolutionConfigurationPlatforms) = preSolution
		Debug|Any CPU = Debug|Any CPU
		Release|Any CPU = Release|Any CPU
	EndGlobalSection
	GlobalSection(ProjectConfigurationPlatforms) = postSolution
		{E945156C-49BB-487C-BDA9-C6C529302623}.Debug|Any CPU.ActiveCfg = Debug|Any CPU
		{E945156C-49BB-487C-BDA9-C6C529302623}.Debug|Any CPU.Build.0 = Debug|Any CPU
		{E945156C-49BB-487C-BDA9-C6C529302623}.Release|Any CPU.ActiveCfg = Release|Any CPU
		{E945156C-49BB-487C-BDA9-C6C529302623}.Release|Any CPU.Build.0 = Release|Any CPU
	EndGlobalSection
	GlobalSection(SolutionProperties) = preSolution
		HideSolutionNode = FALSE
	EndGlobalSection
	GlobalSection(ExtensibilityGlobals) = postSolution
		SolutionGuid = {EE754D8A-E763-456E-85E4-5BAD8BDD9102}
	EndGlobalSection
EndGlobal
